
Microsoft Visual Studio Solution File, Format Version 12.00
# Visual Studio Version 16
VisualStudioVersion = 16.0.810.6
MinimumVisualStudioVersion = 10.0.40219.1
Project("{FAE04EC0-301F-11D3-BF4B-00C04F79EFBC}") = "testgo", "testgo\testgo.csproj", "{111BCE48-06B2-4E15-873F-4049B2738C62}"
EndProject
Global
	GlobalSection(SolutionConfigurationPlatforms) = preSolution
		Debug|anycpu = Debug|anycpu
		Release|anycpu = Release|anycpu
	EndGlobalSection
	GlobalSection(ProjectConfigurationPlatforms) = postSolution
		{111BCE48-06B2-4E15-873F-4049B2738C62}.Debug|anycpu.ActiveCfg = Debug|anycpu
		{111BCE48-06B2-4E15-873F-4049B2738C62}.Debug|anycpu.Build.0 = Debug|anycpu
		{111BCE48-06B2-4E15-873F-4049B2738C62}.Release|anycpu.ActiveCfg = Release|anycpu
		{111BCE48-06B2-4E15-873F-4049B2738C62}.Release|anycpu.Build.0 = Release|anycpu
	EndGlobalSection
	GlobalSection(SolutionProperties) = preSolution
		HideSolutionNode = FALSE
	EndGlobalSection
	GlobalSection(ExtensibilityGlobals) = postSolution
		SolutionGuid = {73647777-3E56-4BD6-AAB5-1968D3DDB704}
	EndGlobalSection
EndGlobal
